hash: 6bb261f96e20860d2446431f728dedde36140f6eadd8f7cbbe78557e4215e76f
updated: 2016-09-09T16:47:17.485597656+02:00
imports:
- name: github.com/abbot/go-http-auth
  version: cb4372376e1e00e9f6ab9ec142e029302c9e7140
- name: github.com/boltdb/bolt
  version: ad29024c8a3ff45542f26073c91b89d815f1364b
- name: github.com/BurntSushi/toml
  version: 99064174e013895bbd9b025c31100bd1d9b590ca
- name: github.com/BurntSushi/ty
  version: 6add9cd6ad42d389d6ead1dde60b4ad71e46fd74
  subpackages:
  - fun
- name: github.com/codahale/hdrhistogram
  version: f8ad88b59a584afeee9d334eff879b104439117b
- name: github.com/codegangsta/cli
  version: 1efa31f08b9333f1bd4882d61f9d668a70cd902e
- name: github.com/codegangsta/negroni
  version: 3f7ce7b928e14ff890b067e5bbbc80af73690a9c
- name: github.com/containous/flaeg
  version: a731c034dda967333efce5f8d276aeff11f8ff87
- name: github.com/containous/mux
  version: a819b77bba13f0c0cbe36e437bc2e948411b3996
- name: github.com/containous/staert
  version: 044bdfee6c8f5e8fb71f70d5ba1cf4cb11a94e97
- name: github.com/containous/traefik
  version: 14d79e4eefcba3e1dcb173632940b56ccc0de542
  subpackages:
  - acme
  - autogen
  - middlewares
  - provider
  - safe
  - types
  - version
  - provider/k8s
- name: github.com/coreos/etcd
  version: 1c9e0a0e33051fed6c05c141e6fcbfe5c7f2a899
  subpackages:
  - client
  - pkg/pathutil
  - pkg/types
- name: github.com/davecgh/go-spew
  version: 5215b55f46b2b919f50a1df0eaa5886afe4e3b3d
  subpackages:
  - spew
- name: github.com/docker/distribution
  version: 5e8d18f615031aeb79f3bdedcc954b08f86e9719
  subpackages:
  - reference
  - digest
- name: github.com/docker/docker
  version: 534753663161334baba06f13b8efa4cad22b5bc5
  subpackages:
  - namesgenerator
- name: github.com/docker/engine-api
  version: 62043eb79d581a32ea849645277023c550732e52
  subpackages:
  - client
  - types
  - types/events
  - types/filters
  - client/transport
  - client/transport/cancellable
  - types/container
  - types/network
  - types/reference
  - types/registry
  - types/swarm
  - types/time
  - types/versions
  - types/blkiodev
  - types/strslice
- name: github.com/docker/go-connections
  version: 988efe982fdecb46f01d53465878ff1f2ff411ce
  subpackages:
  - sockets
  - tlsconfig
  - nat
- name: github.com/docker/go-units
  version: f2145db703495b2e525c59662db69a7344b00bb8
- name: github.com/docker/libcompose
  version: d1876c1d68527a49c0aac22a0b161acc7296b740
- name: github.com/docker/libkv
  version: 3fce6a0f26e07da3eac45796a8e255547a47a750
  subpackages:
  - store
  - store/boltdb
  - store/consul
  - store/etcd
  - store/zookeeper
- name: github.com/donovanhide/eventsource
  version: fd1de70867126402be23c306e1ce32828455d85b
- name: github.com/elazarl/go-bindata-assetfs
  version: 9a6736ed45b44bf3835afeebb3034b57ed329f3e
- name: github.com/emilevauge/backoff
  version: fa0423e7916ea96a4e9789a3710c8e7cb94ecc42
- name: github.com/gambol99/go-marathon
  version: a558128c87724cd7430060ef5aedf39f83937f55
- name: github.com/go-check/check
  version: 4f90aeace3a26ad7021961c297b22c42160c7b25
- name: github.com/gogo/protobuf
  version: d7788ac7ca647999a3775cb756e449ab177dd138
  subpackages:
  - proto
- name: github.com/golang/glog
  version: 23def4e6c14b4da8ac2ed8007337bc5eb5007998
- name: github.com/google/go-querystring
  version: 9235644dd9e52eeae6fa48efd539fdc351a0af53
  subpackages:
  - query
- name: github.com/gorilla/context
  version: 08b5f424b9271eedf6f9f0ce86cb9396ed337a42
- name: github.com/hashicorp/consul
  version: 0a34741d7266af34eed36048d1a8e8880a7b17a1
  subpackages:
  - api
- name: github.com/hashicorp/go-cleanhttp
  version: ad28ea4487f05916463e2423a55166280e8254b5
- name: github.com/hashicorp/serf
  version: 9432bc08aa8d486e497e27f84878ebbe8c1eab66
  subpackages:
  - coordinate
- name: github.com/jarcoal/httpmock
  version: 145b10d659265440f062c31ea15326166bae56ee
- name: github.com/libkermit/compose
  version: cadc5a3b83a15790174bd7fbc75ea2529785e772
- name: github.com/libkermit/docker
  version: 55e3595409924fcfbb850811e5a7cdbe8960a0b7
- name: github.com/mailgun/manners
  version: fada45142db3f93097ca917da107aa3fad0ffcb5
- name: github.com/mailgun/timetools
  version: fd192d755b00c968d312d23f521eb0cdc6f66bd0
- name: github.com/mattn/go-shellwords
  version: 525bedee691b5a8df547cb5cf9f86b7fb1883e24
- name: github.com/mesos/mesos-go
  version: 2b28dad0aa75289407717b98d82c7871543bb4db
  subpackages:
  - mesosproto
  - mesos
  - upid
  - mesosutil
  - detector
  - detector/zoo
- name: github.com/mesosphere/mesos-dns
  version: b47dc4c19f215e98da687b15b4c64e70f629bea5
  repo: https://github.com/containous/mesos-dns.git
  vcs: git
  subpackages:
  - detect
  - logging
  - records
  - records/state
  - util
  - errorutil
  - models
  - records/labels
- name: github.com/Microsoft/go-winio
  version: ce2922f643c8fd76b46cadc7f404a06282678b34
- name: github.com/miekg/dns
  version: 5d001d020961ae1c184f9f8152fdc73810481677
- name: github.com/mitchellh/mapstructure
  version: ca63d7c062ee3c9f34db231e352b60012b4fd0c1
- name: github.com/moul/http2curl
  version: b1479103caacaa39319f75e7f57fc545287fca0d
- name: github.com/newrelic/go-agent
  version: a923caa59930cbb1b27d2a9fb2d5663d9e5c637c
  subpackages:
  - internal
  - internal/logger
  - internal/utilization
  - internal/jsonx
  - internal/sysinfo
- name: github.com/ogier/pflag
  version: 45c278ab3607870051a2ea9040bb85fcb8557481
- name: github.com/opencontainers/runc
  version: 99c683a84fcfb0675883dc98eaa8c0bc3311e436
  subpackages:
  - libcontainer/user
- name: github.com/parnurzeal/gorequest
  version: 2aea80ce763523ecc6452e61c3727ae9595a5809
- name: github.com/pmezard/go-difflib
  version: d8ed2627bdf02c080bf22230dbb337003b7aba2d
  subpackages:
  - difflib
- name: github.com/ryanuber/go-glob
  version: 572520ed46dbddaed19ea3d9541bdd0494163693
- name: github.com/samuel/go-zookeeper
  version: 87e1bca4477a3cc767ca71be023ced183d74e538
  subpackages:
  - zk
- name: github.com/Sirupsen/logrus
  version: 3ec0642a7fb6488f65b06f9040adc67e3990296a
- name: github.com/streamrail/concurrent-map
  version: 8bf1e9bacbf65b10c81d0f4314cf2b1ebef728b5
- name: github.com/stretchr/objx
  version: cbeaeb16a013161a98496fad62933b1d21786672
- name: github.com/stretchr/testify
  version: d77da356e56a7428ad25149ca77381849a6a5232
  subpackages:
  - mock
  - assert
- name: github.com/thoas/stats
  version: 152b5d051953fdb6e45f14b6826962aadc032324
- name: github.com/tv42/zbase32
  version: 03389da7e0bf9844767f82690f4d68fc097a1306
- name: github.com/ugorji/go
  version: b94837a2404ab90efe9289e77a70694c355739cb
  subpackages:
  - codec
- name: github.com/unrolled/render
  version: 3f4913244021dede105b62caecfb01f0c1eebeda
- name: github.com/vdemeester/docker-events
  version: be74d4929ec1ad118df54349fda4b0cba60f849b
- name: github.com/vdemeester/shakers
  version: 24d7f1d6a71aa5d9cbe7390e4afb66b7eef9e1b3
- name: github.com/vulcand/oxy
  version: ab7796d7036b425fbc945853cd1b7e7adf43b0d6
  repo: https://github.com/containous/oxy.git
  vcs: git
  subpackages:
  - cbreaker
  - connlimit
  - forward
  - roundrobin
  - stream
  - utils
  - memmetrics
- name: github.com/vulcand/predicate
  version: 19b9dde14240d94c804ae5736ad0e1de10bf8fe6
- name: github.com/vulcand/route
  version: cb89d787ddbb1c5849a7ac9f79004c1fd12a4a32
- name: github.com/vulcand/vulcand
  version: 7b479b160401beccbc9521b922588fa2a64c4818
  subpackages:
  - plugin/rewrite
  - plugin
  - conntracker
  - router
- name: github.com/xenolf/lego
  version: b2fad6198110326662e9e356a97199078a4a775c
  subpackages:
  - acme
- name: golang.org/x/crypto
  version: d81fdb778bf2c40a91b24519d60cdc5767318829
  subpackages:
  - ocsp
  - bcrypt
  - blowfish
- name: golang.org/x/net
  version: b400c2eff1badec7022a8c8f5bea058b6315eed7
  subpackages:
  - context
  - publicsuffix
  - proxy
- name: golang.org/x/sys
  version: 62bee037599929a6e9146f29d10dd5208c43507d
  subpackages:
  - unix
  - windows
- name: gopkg.in/fsnotify.v1
  version: a8a77c9133d2d6fd8334f3260d06f60e8d80a5fb
- name: gopkg.in/mgo.v2
  version: 22287bab4379e1fbf6002fb4eb769888f3fb224c
  subpackages:
  - bson
- name: gopkg.in/square/go-jose.v1
  version: 139276ceb5afbf13e636c44e9382f0ca75c12ba3
  subpackages:
  - cipher
  - json
devImports: []
